// !$*UTF8*$!
{
	archiveVersion = 1;
	classes = {
	};
	objectVersion = 56;
	objects = {

/* Begin PBXBuildFile section */
		4FEC46E82C14DB77005D866D /* Frontend_ScrabbleApp.swift in Sources */ = {isa = PBXBuildFile; fileRef = 4FEC46E72C14DB77005D866D /* Frontend_ScrabbleApp.swift */; };
		4FEC46EA2C14DB77005D866D /* ContentView.swift in Sources */ = {isa = PBXBuildFile; fileRef = 4FEC46E92C14DB77005D866D /* ContentView.swift */; };
		4FEC46EC2C14DB79005D866D /* Assets.xcassets in Resources */ = {isa = PBXBuildFile; fileRef = 4FEC46EB2C14DB79005D866D /* Assets.xcassets */; };
		4FEC46EF2C14DB79005D866D /* Preview Assets.xcassets in Resources */ = {isa = PBXBuildFile; fileRef = 4FEC46EE2C14DB79005D866D /* Preview Assets.xcassets */; };
		994F953F2C1E3F8400497BAA /* AuthorizationView.swift in Sources */ = {isa = PBXBuildFile; fileRef = 994F953E2C1E3F8400497BAA /* AuthorizationView.swift */; };
		994F95412C1E419900497BAA /* AuthService.swift in Sources */ = {isa = PBXBuildFile; fileRef = 994F95402C1E419900497BAA /* AuthService.swift */; };
		994F95442C1EFFFE00497BAA /* ErrorResponse.swift in Sources */ = {isa = PBXBuildFile; fileRef = 994F95432C1EFFFE00497BAA /* ErrorResponse.swift */; };
		994F95482C1F106500497BAA /* AppConfig.swift in Sources */ = {isa = PBXBuildFile; fileRef = 994F95472C1F106500497BAA /* AppConfig.swift */; };
/* End PBXBuildFile section */

/* Begin PBXFileReference section */
		4FEC46E42C14DB77005D866D /* Frontend_Scrabble.app */ = {isa = PBXFileReference; explicitFileType = wrapper.application; includeInIndex = 0; path = Frontend_Scrabble.app; sourceTree = BUILT_PRODUCTS_DIR; };
		4FEC46E72C14DB77005D866D /* Frontend_ScrabbleApp.swift */ = {isa = PBXFileReference; lastKnownFileType = sourcecode.swift; path = Frontend_ScrabbleApp.swift; sourceTree = "<group>"; };
		4FEC46E92C14DB77005D866D /* ContentView.swift */ = {isa = PBXFileReference; lastKnownFileType = sourcecode.swift; path = ContentView.swift; sourceTree = "<group>"; };
		4FEC46EB2C14DB79005D866D /* Assets.xcassets */ = {isa = PBXFileReference; lastKnownFileType = folder.assetcatalog; path = Assets.xcassets; sourceTree = "<group>"; };
		4FEC46EE2C14DB79005D866D /* Preview Assets.xcassets */ = {isa = PBXFileReference; lastKnownFileType = folder.assetcatalog; path = "Preview Assets.xcassets"; sourceTree = "<group>"; };
		994F953E2C1E3F8400497BAA /* AuthorizationView.swift */ = {isa = PBXFileReference; lastKnownFileType = sourcecode.swift; path = AuthorizationView.swift; sourceTree = "<group>"; };
		994F95402C1E419900497BAA /* AuthService.swift */ = {isa = PBXFileReference; lastKnownFileType = sourcecode.swift; path = AuthService.swift; sourceTree = "<group>"; };
		994F95432C1EFFFE00497BAA /* ErrorResponse.swift */ = {isa = PBXFileReference; lastKnownFileType = sourcecode.swift; path = ErrorResponse.swift; sourceTree = "<group>"; };
		994F95472C1F106500497BAA /* AppConfig.swift */ = {isa = PBXFileReference; lastKnownFileType = sourcecode.swift; path = AppConfig.swift; sourceTree = "<group>"; };
/* End PBXFileReference section */

/* Begin PBXFrameworksBuildPhase section */
		4FEC46E12C14DB77005D866D /* Frameworks */ = {
			isa = PBXFrameworksBuildPhase;
			buildActionMask = 2147483647;
			files = (
			);
			runOnlyForDeploymentPostprocessing = 0;
		};
/* End PBXFrameworksBuildPhase section */

/* Begin PBXGroup section */
		4FEC46DB2C14DB77005D866D = {
			isa = PBXGroup;
			children = (
				4FEC46E62C14DB77005D866D /* Frontend_Scrabble */,
				4FEC46E52C14DB77005D866D /* Products */,
			);
			sourceTree = "<group>";
		};
		4FEC46E52C14DB77005D866D /* Products */ = {
			isa = PBXGroup;
			children = (
				4FEC46E42C14DB77005D866D /* Frontend_Scrabble.app */,
			);
			name = Products;
			sourceTree = "<group>";
		};
		4FEC46E62C14DB77005D866D /* Frontend_Scrabble */ = {
			isa = PBXGroup;
			children = (
				994F95422C1EFFF200497BAA /* Responses */,
				994F953D2C1E3F4600497BAA /* AuthorizationView */,
				4FEC46E72C14DB77005D866D /* Frontend_ScrabbleApp.swift */,
				4FEC46E92C14DB77005D866D /* ContentView.swift */,
				4FEC46EB2C14DB79005D866D /* Assets.xcassets */,
				4FEC46ED2C14DB79005D866D /* Preview Content */,
				994F95472C1F106500497BAA /* AppConfig.swift */,
			);
			path = Frontend_Scrabble;
			sourceTree = "<group>";
		};
		4FEC46ED2C14DB79005D866D /* Preview Content */ = {
			isa = PBXGroup;
			children = (
				4FEC46EE2C14DB79005D866D /* Preview Assets.xcassets */,
			);
			path = "Preview Content";
			sourceTree = "<group>";
		};
		994F953D2C1E3F4600497BAA /* AuthorizationView */ = {
			isa = PBXGroup;
			children = (
				994F953E2C1E3F8400497BAA /* AuthorizationView.swift */,
				994F95402C1E419900497BAA /* AuthService.swift */,
			);
			path = AuthorizationView;
			sourceTree = "<group>";
		};
		994F95422C1EFFF200497BAA /* Responses */ = {
			isa = PBXGroup;
			children = (
				994F95432C1EFFFE00497BAA /* ErrorResponse.swift */,
			);
			path = Responses;
			sourceTree = "<group>";
		};
/* End PBXGroup section */

/* Begin PBXNativeTarget section */
		4FEC46E32C14DB77005D866D /* Frontend_Scrabble */ = {
			isa = PBXNativeTarget;
			buildConfigurationList = 4FEC46F22C14DB79005D866D /* Build configuration list for PBXNativeTarget "Frontend_Scrabble" */;
			buildPhases = (
				4FEC46E02C14DB77005D866D /* Sources */,
				4FEC46E12C14DB77005D866D /* Frameworks */,
				4FEC46E22C14DB77005D866D /* Resources */,
			);
			buildRules = (
			);
			dependencies = (
			);
			name = Frontend_Scrabble;
			productName = Frontend_Scrabble;
			productReference = 4FEC46E42C14DB77005D866D /* Frontend_Scrabble.app */;
			productType = "com.apple.product-type.application";
		};
/* End PBXNativeTarget section */

/* Begin PBXProject section */
		4FEC46DC2C14DB77005D866D /* Project object */ = {
			isa = PBXProject;
			attributes = {
				BuildIndependentTargetsInParallel = 1;
				LastSwiftUpdateCheck = 1530;
				LastUpgradeCheck = 1530;
				TargetAttributes = {
					4FEC46E32C14DB77005D866D = {
						CreatedOnToolsVersion = 15.3;
					};
				};
			};
			buildConfigurationList = 4FEC46DF2C14DB77005D866D /* Build configuration list for PBXProject "Frontend_Scrabble" */;
			compatibilityVersion = "Xcode 14.0";
			developmentRegion = en;
			hasScannedForEncodings = 0;
			knownRegions = (
				en,
				Base,
			);
			mainGroup = 4FEC46DB2C14DB77005D866D;
			productRefGroup = 4FEC46E52C14DB77005D866D /* Products */;
			projectDirPath = "";
			projectRoot = "";
			targets = (
				4FEC46E32C14DB77005D866D /* Frontend_Scrabble */,
			);
		};
/* End PBXProject section */

/* Begin PBXResourcesBuildPhase section */
		4FEC46E22C14DB77005D866D /* Resources */ = {
			isa = PBXResourcesBuildPhase;
			buildActionMask = 2147483647;
			files = (
				4FEC46EF2C14DB79005D866D /* Preview Assets.xcassets in Resources */,
				4FEC46EC2C14DB79005D866D /* Assets.xcassets in Resources */,
			);
			runOnlyForDeploymentPostprocessing = 0;
		};
/* End PBXResourcesBuildPhase section */

/* Begin PBXSourcesBuildPhase section */
		4FEC46E02C14DB77005D866D /* Sources */ = {
			isa = PBXSourcesBuildPhase;
			buildActionMask = 2147483647;
			files = (
				994F95442C1EFFFE00497BAA /* ErrorResponse.swift in Sources */,
				4FEC46EA2C14DB77005D866D /* ContentView.swift in Sources */,
				4FEC46E82C14DB77005D866D /* Frontend_ScrabbleApp.swift in Sources */,
				994F95482C1F106500497BAA /* AppConfig.swift in Sources */,
				994F953F2C1E3F8400497BAA /* AuthorizationView.swift in Sources */,
				994F95412C1E419900497BAA /* AuthService.swift in Sources */,
			);
			runOnlyForDeploymentPostprocessing = 0;
		};
/* End PBXSourcesBuildPhase section */

/* Begin XCBuildConfiguration section */
		4FEC46F02C14DB79005D866D /* Debug */ = {
			isa = XCBuildConfiguration;
			buildSettings = {
				ALWAYS_SEARCH_USER_PATHS = NO;
				ASSETCATALOG_COMPILER_GENERATE_SWIFT_ASSET_SYMBOL_EXTENSIONS = YES;
				CLANG_ANALYZER_NONNULL = YES;
				CLANG_ANALYZER_NUMBER_OBJECT_CONVERSION = YES_AGGRESSIVE;
				CLANG_CXX_LANGUAGE_STANDARD = "gnu++20";
				CLANG_ENABLE_MODULES = YES;
				CLANG_ENABLE_OBJC_ARC = YES;
				CLANG_ENABLE_OBJC_WEAK = YES;
				CLANG_WARN_BLOCK_CAPTURE_AUTORELEASING = YES;
				CLANG_WARN_BOOL_CONVERSION = YES;
				CLANG_WARN_COMMA = YES;
				CLANG_WARN_CONSTANT_CONVERSION = YES;
				CLANG_WARN_DEPRECATED_OBJC_IMPLEMENTATIONS = YES;
				CLANG_WARN_DIRECT_OBJC_ISA_USAGE = YES_ERROR;
				CLANG_WARN_DOCUMENTATION_COMMENTS = YES;
				CLANG_WARN_EMPTY_BODY = YES;
				CLANG_WARN_ENUM_CONVERSION = YES;
				CLANG_WARN_INFINITE_RECURSION = YES;
				CLANG_WARN_INT_CONVERSION = YES;
				CLANG_WARN_NON_LITERAL_NULL_CONVERSION = YES;
				CLANG_WARN_OBJC_IMPLICIT_RETAIN_SELF = YES;
				CLANG_WARN_OBJC_LITERAL_CONVERSION = YES;
				CLANG_WARN_OBJC_ROOT_CLASS = YES_ERROR;
				CLANG_WARN_QUOTED_INCLUDE_IN_FRAMEWORK_HEADER = YES;
				CLANG_WARN_RANGE_LOOP_ANALYSIS = YES;
				CLANG_WARN_STRICT_PROTOTYPES = YES;
				CLANG_WARN_SUSPICIOUS_MOVE = YES;
				CLANG_WARN_UNGUARDED_AVAILABILITY = YES_AGGRESSIVE;
				CLANG_WARN_UNREACHABLE_CODE = YES;
				CLANG_WARN__DUPLICATE_METHOD_MATCH = YES;
				COPY_PHASE_STRIP = NO;
				DEBUG_INFORMATION_FORMAT = dwarf;
				ENABLE_STRICT_OBJC_MSGSEND = YES;
				ENABLE_TESTABILITY = YES;
				ENABLE_USER_SCRIPT_SANDBOXING = YES;
				GCC_C_LANGUAGE_STANDARD = gnu17;
				GCC_DYNAMIC_NO_PIC = NO;
				GCC_NO_COMMON_BLOCKS = YES;
				GCC_OPTIMIZATION_LEVEL = 0;
				GCC_PREPROCESSOR_DEFINITIONS = (
					"DEBUG=1",
					"$(inherited)",
				);
				GCC_WARN_64_TO_32_BIT_CONVERSION = YES;
				GCC_WARN_ABOUT_RETURN_TYPE = YES_ERROR;
				GCC_WARN_UNDECLARED_SELECTOR = YES;
				GCC_WARN_UNINITIALIZED_AUTOS = YES_AGGRESSIVE;
				GCC_WARN_UNUSED_FUNCTION = YES;
				GCC_WARN_UNUSED_VARIABLE = YES;
				IPHONEOS_DEPLOYMENT_TARGET = 17.4;
				LOCALIZATION_PREFERS_STRING_CATALOGS = YES;
				MTL_ENABLE_DEBUG_INFO = INCLUDE_SOURCE;
				MTL_FAST_MATH = YES;
				ONLY_ACTIVE_ARCH = YES;
				SDKROOT = iphoneos;
				SWIFT_ACTIVE_COMPILATION_CONDITIONS = "DEBUG $(inherited)";
				SWIFT_OPTIMIZATION_LEVEL = "-Onone";
			};
			name = Debug;
		};
		4FEC46F12C14DB79005D866D /* Release */ = {
			isa = XCBuildConfiguration;
			buildSettings = {
				ALWAYS_SEARCH_USER_PATHS = NO;
				ASSETCATALOG_COMPILER_GENERATE_SWIFT_ASSET_SYMBOL_EXTENSIONS = YES;
				CLANG_ANALYZER_NONNULL = YES;
				CLANG_ANALYZER_NUMBER_OBJECT_CONVERSION = YES_AGGRESSIVE;
				CLANG_CXX_LANGUAGE_STANDARD = "gnu++20";
				CLANG_ENABLE_MODULES = YES;
				CLANG_ENABLE_OBJC_ARC = YES;
				CLANG_ENABLE_OBJC_WEAK = YES;
				CLANG_WARN_BLOCK_CAPTURE_AUTORELEASING = YES;
				CLANG_WARN_BOOL_CONVERSION = YES;
				CLANG_WARN_COMMA = YES;
				CLANG_WARN_CONSTANT_CONVERSION = YES;
				CLANG_WARN_DEPRECATED_OBJC_IMPLEMENTATIONS = YES;
				CLANG_WARN_DIRECT_OBJC_ISA_USAGE = YES_ERROR;
				CLANG_WARN_DOCUMENTATION_COMMENTS = YES;
				CLANG_WARN_EMPTY_BODY = YES;
				CLANG_WARN_ENUM_CONVERSION = YES;
				CLANG_WARN_INFINITE_RECURSION = YES;
				CLANG_WARN_INT_CONVERSION = YES;
				CLANG_WARN_NON_LITERAL_NULL_CONVERSION = YES;
				CLANG_WARN_OBJC_IMPLICIT_RETAIN_SELF = YES;
				CLANG_WARN_OBJC_LITERAL_CONVERSION = YES;
				CLANG_WARN_OBJC_ROOT_CLASS = YES_ERROR;
				CLANG_WARN_QUOTED_INCLUDE_IN_FRAMEWORK_HEADER = YES;
				CLANG_WARN_RANGE_LOOP_ANALYSIS = YES;
				CLANG_WARN_STRICT_PROTOTYPES = YES;
				CLANG_WARN_SUSPICIOUS_MOVE = YES;
				CLANG_WARN_UNGUARDED_AVAILABILITY = YES_AGGRESSIVE;
				CLANG_WARN_UNREACHABLE_CODE = YES;
				CLANG_WARN__DUPLICATE_METHOD_MATCH = YES;
				COPY_PHASE_STRIP = NO;
				DEBUG_INFORMATION_FORMAT = "dwarf-with-dsym";
				ENABLE_NS_ASSERTIONS = NO;
				ENABLE_STRICT_OBJC_MSGSEND = YES;
				ENABLE_USER_SCRIPT_SANDBOXING = YES;
				GCC_C_LANGUAGE_STANDARD = gnu17;
				GCC_NO_COMMON_BLOCKS = YES;
				GCC_WARN_64_TO_32_BIT_CONVERSION = YES;
				GCC_WARN_ABOUT_RETURN_TYPE = YES_ERROR;
				GCC_WARN_UNDECLARED_SELECTOR = YES;
				GCC_WARN_UNINITIALIZED_AUTOS = YES_AGGRESSIVE;
				GCC_WARN_UNUSED_FUNCTION = YES;
				GCC_WARN_UNUSED_VARIABLE = YES;
				IPHONEOS_DEPLOYMENT_TARGET = 17.4;
				LOCALIZATION_PREFERS_STRING_CATALOGS = YES;
				MTL_ENABLE_DEBUG_INFO = NO;
				MTL_FAST_MATH = YES;
				SDKROOT = iphoneos;
				SWIFT_COMPILATION_MODE = wholemodule;
				VALIDATE_PRODUCT = YES;
			};
			name = Release;
		};
		4FEC46F32C14DB79005D866D /* Debug */ = {
			isa = XCBuildConfiguration;
			buildSettings = {
				ASSETCATALOG_COMPILER_APPICON_NAME = AppIcon;
				ASSETCATALOG_COMPILER_GLOBAL_ACCENT_COLOR_NAME = AccentColor;
				CODE_SIGN_STYLE = Automatic;
				CURRENT_PROJECT_VERSION = 1;
				DEVELOPMENT_ASSET_PATHS = "\"Frontend_Scrabble/Preview Content\"";
				ENABLE_PREVIEWS = YES;
				GENERATE_INFOPLIST_FILE = YES;
				INFOPLIST_KEY_UIApplicationSceneManifest_Generation = YES;
				INFOPLIST_KEY_UIApplicationSupportsIndirectInputEvents = YES;
				INFOPLIST_KEY_UILaunchScreen_Generation = YES;
				INFOPLIST_KEY_UISupportedInterfaceOrientations_iPad = "UIInterfaceOrientationPortrait UIInterfaceOrientationPortraitUpsideDown UIInterfaceOrientationLandscapeLeft UIInterfaceOrientationLandscapeRight";
				INFOPLIST_KEY_UISupportedInterfaceOrientations_iPhone = "UIInterfaceOrientationPortrait UIInterfaceOrientationLandscapeLeft UIInterfaceOrientationLandscapeRight";
				LD_RUNPATH_SEARCH_PATHS = (
					"$(inherited)",
					"@executable_path/Frameworks",
				);
				MARKETING_VERSION = 1.0;
				PRODUCT_BUNDLE_IDENTIFIER = "opium.Frontend-Scrabble";
				PRODUCT_NAME = "$(TARGET_NAME)";
				SWIFT_EMIT_LOC_STRINGS = YES;
				SWIFT_VERSION = 5.0;
				TARGETED_DEVICE_FAMILY = "1,2";
			};
			name = Debug;
		};
		4FEC46F42C14DB79005D866D /* Release */ = {
			isa = XCBuildConfiguration;
			buildSettings = {
				ASSETCATALOG_COMPILER_APPICON_NAME = AppIcon;
				ASSETCATALOG_COMPILER_GLOBAL_ACCENT_COLOR_NAME = AccentColor;
				CODE_SIGN_STYLE = Automatic;
				CURRENT_PROJECT_VERSION = 1;
				DEVELOPMENT_ASSET_PATHS = "\"Frontend_Scrabble/Preview Content\"";
				ENABLE_PREVIEWS = YES;
				GENERATE_INFOPLIST_FILE = YES;
				INFOPLIST_KEY_UIApplicationSceneManifest_Generation = YES;
				INFOPLIST_KEY_UIApplicationSupportsIndirectInputEvents = YES;
				INFOPLIST_KEY_UILaunchScreen_Generation = YES;
				INFOPLIST_KEY_UISupportedInterfaceOrientations_iPad = "UIInterfaceOrientationPortrait UIInterfaceOrientationPortraitUpsideDown UIInterfaceOrientationLandscapeLeft UIInterfaceOrientationLandscapeRight";
				INFOPLIST_KEY_UISupportedInterfaceOrientations_iPhone = "UIInterfaceOrientationPortrait UIInterfaceOrientationLandscapeLeft UIInterfaceOrientationLandscapeRight";
				LD_RUNPATH_SEARCH_PATHS = (
					"$(inherited)",
					"@executable_path/Frameworks",
				);
				MARKETING_VERSION = 1.0;
				PRODUCT_BUNDLE_IDENTIFIER = "opium.Frontend-Scrabble";
				PRODUCT_NAME = "$(TARGET_NAME)";
				SWIFT_EMIT_LOC_STRINGS = YES;
				SWIFT_VERSION = 5.0;
				TARGETED_DEVICE_FAMILY = "1,2";
			};
			name = Release;
		};
/* End XCBuildConfiguration section */

/* Begin XCConfigurationList section */
		4FEC46DF2C14DB77005D866D /* Build configuration list for PBXProject "Frontend_Scrabble" */ = {
			isa = XCConfigurationList;
			buildConfigurations = (
				4FEC46F02C14DB79005D866D /* Debug */,
				4FEC46F12C14DB79005D866D /* Release */,
			);
			defaultConfigurationIsVisible = 0;
			defaultConfigurationName = Release;
		};
		4FEC46F22C14DB79005D866D /* Build configuration list for PBXNativeTarget "Frontend_Scrabble" */ = {
			isa = XCConfigurationList;
			buildConfigurations = (
				4FEC46F32C14DB79005D866D /* Debug */,
				4FEC46F42C14DB79005D866D /* Release */,
			);
			defaultConfigurationIsVisible = 0;
			defaultConfigurationName = Release;
		};
/* End XCConfigurationList section */
	};
	rootObject = 4FEC46DC2C14DB77005D866D /* Project object */;
}
